
Microsoft Visual Studio Solution File, Format Version 12.00
# Visual Studio 14
VisualStudioVersion = 14.0.25420.1
MinimumVisualStudioVersion = 10.0.40219.1
Project("{FAE04EC0-301F-11D3-BF4B-00C04F79EFBC}") = "AKQA.CodingChallenge.Service", "AKQA.CodingChallenge.Service\AKQA.CodingChallenge.Service.csproj", "{5AA26BB4-1947-4123-89FB-8C9531F0481A}"
EndProject
Project("{FAE04EC0-301F-11D3-BF4B-00C04F79EFBC}") = "AKQA.CodingChallenge.Tests", "AKQA.CodingChallenge.Tests\AKQA.CodingChallenge.Tests.csproj", "{E3FBDDB2-7702-4E4E-997D-A800ABBFFA50}"
EndProject
Project("{FAE04EC0-301F-11D3-BF4B-00C04F79EFBC}") = "AKQA.CodingChallenge.Web", "AKQA.CodingChallenge.Web\AKQA.CodingChallenge.Web.csproj", "{4DE22ECF-5DAA-4B3F-9063-3300A8478663}"
EndProject
Global
	GlobalSection(SolutionConfigurationPlatforms) = preSolution
		Debug|Any CPU = Debug|Any CPU
		Release|Any CPU = Release|Any CPU
	EndGlobalSection
	GlobalSection(ProjectConfigurationPlatforms) = postSolution
		{5AA26BB4-1947-4123-89FB-8C9531F0481A}.Debug|Any CPU.ActiveCfg = Debug|Any CPU
		{5AA26BB4-1947-4123-89FB-8C9531F0481A}.Debug|Any CPU.Build.0 = Debug|Any CPU
		{5AA26BB4-1947-4123-89FB-8C9531F0481A}.Release|Any CPU.ActiveCfg = Release|Any CPU
		{5AA26BB4-1947-4123-89FB-8C9531F0481A}.Release|Any CPU.Build.0 = Release|Any CPU
		{E3FBDDB2-7702-4E4E-997D-A800ABBFFA50}.Debug|Any CPU.ActiveCfg = Debug|Any CPU
		{E3FBDDB2-7702-4E4E-997D-A800ABBFFA50}.Debug|Any CPU.Build.0 = Debug|Any CPU
		{E3FBDDB2-7702-4E4E-997D-A800ABBFFA50}.Release|Any CPU.ActiveCfg = Release|Any CPU
		{E3FBDDB2-7702-4E4E-997D-A800ABBFFA50}.Release|Any CPU.Build.0 = Release|Any CPU
		{4DE22ECF-5DAA-4B3F-9063-3300A8478663}.Debug|Any CPU.ActiveCfg = Debug|Any CPU
		{4DE22ECF-5DAA-4B3F-9063-3300A8478663}.Debug|Any CPU.Build.0 = Debug|Any CPU
		{4DE22ECF-5DAA-4B3F-9063-3300A8478663}.Release|Any CPU.ActiveCfg = Release|Any CPU
		{4DE22ECF-5DAA-4B3F-9063-3300A8478663}.Release|Any CPU.Build.0 = Release|Any CPU
	EndGlobalSection
	GlobalSection(SolutionProperties) = preSolution
		HideSolutionNode = FALSE
	EndGlobalSection
	GlobalSection(ExtensibilityGlobals) = postSolution
		SolutionGuid = {A801199D-CCDE-493B-BF3F-89E9B7329D73}
	EndGlobalSection
EndGlobal
